// !$*UTF8*$!
{
	archiveVersion = 1;
	classes = {
	};
	objectVersion = 51;
	objects = {

/* Begin PBXBuildFile section */
		40AD5D3222E1D9E30083F864 /* addPost.swift in Sources */ = {isa = PBXBuildFile; fileRef = 40AD5D3122E1D9E30083F864 /* addPost.swift */; };
		40AD5D3422E1E2450083F864 /* dataRequestStruct.swift in Sources */ = {isa = PBXBuildFile; fileRef = 40AD5D3322E1E2450083F864 /* dataRequestStruct.swift */; };
		40F769B922E0435D00CE3EE0 /* RoundedWhiteButton.swift in Sources */ = {isa = PBXBuildFile; fileRef = 40F769B822E0435D00CE3EE0 /* RoundedWhiteButton.swift */; };
		40F769BB22E044A200CE3EE0 /* HelperExtension.swift in Sources */ = {isa = PBXBuildFile; fileRef = 40F769BA22E044A200CE3EE0 /* HelperExtension.swift */; };
		40F769BE22E0F03A00CE3EE0 /* Settings.swift in Sources */ = {isa = PBXBuildFile; fileRef = 40F769BD22E0F03A00CE3EE0 /* Settings.swift */; };
		502FC9771AFC1D01DB50C4BB /* Pods_FlowClu.framework in Frameworks */ = {isa = PBXBuildFile; fileRef = 50E8B6DE8A5F8E6BAC5D634F /* Pods_FlowClu.framework */; };
		7579A2C922D91B930010CAD6 /* DateHeader.swift in Sources */ = {isa = PBXBuildFile; fileRef = 7579A2C822D91B930010CAD6 /* DateHeader.swift */; };
		75F8B06A22CFC6FF0034D78A /* HelpListViewController.swift in Sources */ = {isa = PBXBuildFile; fileRef = 75F8B06922CFC6FF0034D78A /* HelpListViewController.swift */; };
		75F8B06C22CFD06B0034D78A /* TableCellTableViewCell.swift in Sources */ = {isa = PBXBuildFile; fileRef = 75F8B06B22CFD06B0034D78A /* TableCellTableViewCell.swift */; };
		75F8B06E22CFD23A0034D78A /* MapLinkDirectionViewController.swift in Sources */ = {isa = PBXBuildFile; fileRef = 75F8B06D22CFD23A0034D78A /* MapLinkDirectionViewController.swift */; };
		B7FDA0F822E141FE00B99A62 /* color-code.swift in Sources */ = {isa = PBXBuildFile; fileRef = B7FDA0F722E141FD00B99A62 /* color-code.swift */; };
		B7FDA0FE22E1640500B99A62 /* DesignableUITextField.swift in Sources */ = {isa = PBXBuildFile; fileRef = B7FDA0FD22E1640500B99A62 /* DesignableUITextField.swift */; };
		F400F6CB22E79F3000CF55B1 /* Codes.swift in Sources */ = {isa = PBXBuildFile; fileRef = F400F6CA22E79F3000CF55B1 /* Codes.swift */; };
		F4102E5F22CD4A5D00A526CF /* AlertVC.swift in Sources */ = {isa = PBXBuildFile; fileRef = F4102E5E22CD4A5D00A526CF /* AlertVC.swift */; };
		F4102E6522CD4D4000A526CF /* Oxygen-Regular.ttf in Resources */ = {isa = PBXBuildFile; fileRef = F4102E6122CD4D4000A526CF /* Oxygen-Regular.ttf */; };
		F4102E6622CD4D4000A526CF /* Oxygen-Light.ttf in Resources */ = {isa = PBXBuildFile; fileRef = F4102E6222CD4D4000A526CF /* Oxygen-Light.ttf */; };
		F4102E6722CD4D4000A526CF /* OFL.txt in Resources */ = {isa = PBXBuildFile; fileRef = F4102E6322CD4D4000A526CF /* OFL.txt */; };
		F4102E6822CD4D4000A526CF /* Oxygen-Bold.ttf in Resources */ = {isa = PBXBuildFile; fileRef = F4102E6422CD4D4000A526CF /* Oxygen-Bold.ttf */; };
		F4102E6C22CD542600A526CF /* RoundButton.swift in Sources */ = {isa = PBXBuildFile; fileRef = F4102E6B22CD542600A526CF /* RoundButton.swift */; };
		F4102E6E22CD580C00A526CF /* HEX.swift in Sources */ = {isa = PBXBuildFile; fileRef = F4102E6D22CD580C00A526CF /* HEX.swift */; };
		F4102E7B22CDEAEB00A526CF /* OpenSans-SemiBold.ttf in Resources */ = {isa = PBXBuildFile; fileRef = F4102E7022CDEAEB00A526CF /* OpenSans-SemiBold.ttf */; };
		F4102E7C22CDEAEB00A526CF /* OpenSans-Light.ttf in Resources */ = {isa = PBXBuildFile; fileRef = F4102E7122CDEAEB00A526CF /* OpenSans-Light.ttf */; };
		F4102E7D22CDEAEB00A526CF /* OpenSans-Italic.ttf in Resources */ = {isa = PBXBuildFile; fileRef = F4102E7222CDEAEB00A526CF /* OpenSans-Italic.ttf */; };
		F4102E7E22CDEAEB00A526CF /* OpenSans-ExtraBold.ttf in Resources */ = {isa = PBXBuildFile; fileRef = F4102E7322CDEAEB00A526CF /* OpenSans-ExtraBold.ttf */; };
		F4102E7F22CDEAEB00A526CF /* OpenSans-LightItalic.ttf in Resources */ = {isa = PBXBuildFile; fileRef = F4102E7422CDEAEB00A526CF /* OpenSans-LightItalic.ttf */; };
		F4102E8022CDEAEB00A526CF /* OpenSans-Bold.ttf in Resources */ = {isa = PBXBuildFile; fileRef = F4102E7522CDEAEB00A526CF /* OpenSans-Bold.ttf */; };
		F4102E8122CDEAEB00A526CF /* OpenSans-SemiBoldItalic.ttf in Resources */ = {isa = PBXBuildFile; fileRef = F4102E7622CDEAEB00A526CF /* OpenSans-SemiBoldItalic.ttf */; };
		F4102E8222CDEAEB00A526CF /* OpenSans-ExtraBoldItalic.ttf in Resources */ = {isa = PBXBuildFile; fileRef = F4102E7722CDEAEB00A526CF /* OpenSans-ExtraBoldItalic.ttf */; };
		F4102E8322CDEAEB00A526CF /* LICENSE.txt in Resources */ = {isa = PBXBuildFile; fileRef = F4102E7822CDEAEB00A526CF /* LICENSE.txt */; };
		F4102E8422CDEAEB00A526CF /* OpenSans-Regular.ttf in Resources */ = {isa = PBXBuildFile; fileRef = F4102E7922CDEAEB00A526CF /* OpenSans-Regular.ttf */; };
		F4102E8522CDEAEB00A526CF /* OpenSans-BoldItalic.ttf in Resources */ = {isa = PBXBuildFile; fileRef = F4102E7A22CDEAEB00A526CF /* OpenSans-BoldItalic.ttf */; };
		F4102E8722CDF05900A526CF /* Settings.storyboard in Resources */ = {isa = PBXBuildFile; fileRef = F4102E8622CDF05900A526CF /* Settings.storyboard */; };
		F4102E8922CDF4B000A526CF /* RoundCornerNoColor.swift in Sources */ = {isa = PBXBuildFile; fileRef = F4102E8822CDF4B000A526CF /* RoundCornerNoColor.swift */; };
		F4102E8D22CE036F00A526CF /* PostCell.swift in Sources */ = {isa = PBXBuildFile; fileRef = F4102E8C22CE036F00A526CF /* PostCell.swift */; };
		F4102E8F22CE05A700A526CF /* DataSet.swift in Sources */ = {isa = PBXBuildFile; fileRef = F4102E8E22CE05A700A526CF /* DataSet.swift */; };
		F4102E9122CE060400A526CF /* Post.swift in Sources */ = {isa = PBXBuildFile; fileRef = F4102E9022CE060400A526CF /* Post.swift */; };
		F4102E9322CE09A800A526CF /* PostsVC.swift in Sources */ = {isa = PBXBuildFile; fileRef = F4102E9222CE09A800A526CF /* PostsVC.swift */; };
		F4102E9522CEB75F00A526CF /* PostDetailsVC.swift in Sources */ = {isa = PBXBuildFile; fileRef = F4102E9422CEB75F00A526CF /* PostDetailsVC.swift */; };
		F4231B9D22E8943C00F3A2D5 /* Token.swift in Sources */ = {isa = PBXBuildFile; fileRef = F4231B9C22E8943C00F3A2D5 /* Token.swift */; };
		F429256122B88AE7006EEA3B /* Extensions.swift in Sources */ = {isa = PBXBuildFile; fileRef = F429256022B88AE7006EEA3B /* Extensions.swift */; };
		F4354DDB22AF75490054BFF2 /* HomeStoryboard.storyboard in Resources */ = {isa = PBXBuildFile; fileRef = F4354DDA22AF75490054BFF2 /* HomeStoryboard.storyboard */; };
		F446397922B4C196004CA54C /* GetEmailVC.swift in Sources */ = {isa = PBXBuildFile; fileRef = F446397822B4C196004CA54C /* GetEmailVC.swift */; };
		F459719B22E498BB004F6900 /* GoogleService-Info.plist in Resources */ = {isa = PBXBuildFile; fileRef = F459719A22E498BB004F6900 /* GoogleService-Info.plist */; };
		F459719E22E78103004F6900 /* PushNotificationManager.swift in Sources */ = {isa = PBXBuildFile; fileRef = F459719D22E78103004F6900 /* PushNotificationManager.swift */; };
		F45971A022E7843F004F6900 /* PushNotificationSender.swift in Sources */ = {isa = PBXBuildFile; fileRef = F459719F22E7843F004F6900 /* PushNotificationSender.swift */; };
		F46F627822D8F5BC000919AD /* Calendar.storyboard in Resources */ = {isa = PBXBuildFile; fileRef = F46F627722D8F5BC000919AD /* Calendar.storyboard */; };
		F46F627C22D8F62A000919AD /* CalendarVC.swift in Sources */ = {isa = PBXBuildFile; fileRef = F46F627B22D8F62A000919AD /* CalendarVC.swift */; };
		F46F627E22D8F818000919AD /* DateCell.swift in Sources */ = {isa = PBXBuildFile; fileRef = F46F627D22D8F818000919AD /* DateCell.swift */; };
		F47BB09422E95AD70038DC5A /* getTokenData.swift in Sources */ = {isa = PBXBuildFile; fileRef = F47BB09322E95AD70038DC5A /* getTokenData.swift */; };
		F4E1E54822AB4E9700794980 /* AppDelegate.swift in Sources */ = {isa = PBXBuildFile; fileRef = F4E1E54722AB4E9700794980 /* AppDelegate.swift */; };
		F4E1E54A22AB4E9700794980 /* MainStoryboardVC.swift in Sources */ = {isa = PBXBuildFile; fileRef = F4E1E54922AB4E9700794980 /* MainStoryboardVC.swift */; };
		F4E1E54D22AB4E9700794980 /* Main.storyboard in Resources */ = {isa = PBXBuildFile; fileRef = F4E1E54B22AB4E9700794980 /* Main.storyboard */; };
		F4E1E54F22AB4E9800794980 /* Assets.xcassets in Resources */ = {isa = PBXBuildFile; fileRef = F4E1E54E22AB4E9800794980 /* Assets.xcassets */; };
		F4E1E55222AB4E9800794980 /* LaunchScreen.storyboard in Resources */ = {isa = PBXBuildFile; fileRef = F4E1E55022AB4E9800794980 /* LaunchScreen.storyboard */; };
		F4E1E56122AB6C1900794980 /* EmailSignUpVC.swift in Sources */ = {isa = PBXBuildFile; fileRef = F4E1E56022AB6C1900794980 /* EmailSignUpVC.swift */; };
		F4E1E56322AB6C6300794980 /* SignInVC.swift in Sources */ = {isa = PBXBuildFile; fileRef = F4E1E56222AB6C6300794980 /* SignInVC.swift */; };
		F4E7B91D22B21C2400C64BFE /* HomeStoryboardVC.swift in Sources */ = {isa = PBXBuildFile; fileRef = F4E7B91C22B21C2400C64BFE /* HomeStoryboardVC.swift */; };
/* End PBXBuildFile section */

/* Begin PBXFileReference section */
		40AD5D3122E1D9E30083F864 /* addPost.swift */ = {isa = PBXFileReference; lastKnownFileType = sourcecode.swift; path = addPost.swift; sourceTree = "<group>"; };
		40AD5D3322E1E2450083F864 /* dataRequestStruct.swift */ = {isa = PBXFileReference; lastKnownFileType = sourcecode.swift; path = dataRequestStruct.swift; sourceTree = "<group>"; };
		40F769B822E0435D00CE3EE0 /* RoundedWhiteButton.swift */ = {isa = PBXFileReference; lastKnownFileType = sourcecode.swift; path = RoundedWhiteButton.swift; sourceTree = "<group>"; };
		40F769BA22E044A200CE3EE0 /* HelperExtension.swift */ = {isa = PBXFileReference; lastKnownFileType = sourcecode.swift; path = HelperExtension.swift; sourceTree = "<group>"; };
		40F769BD22E0F03A00CE3EE0 /* Settings.swift */ = {isa = PBXFileReference; lastKnownFileType = sourcecode.swift; path = Settings.swift; sourceTree = "<group>"; };
		50E8B6DE8A5F8E6BAC5D634F /* Pods_FlowClu.framework */ = {isa = PBXFileReference; explicitFileType = wrapper.framework; includeInIndex = 0; path = Pods_FlowClu.framework; sourceTree = BUILT_PRODUCTS_DIR; };
		7579A2C822D91B930010CAD6 /* DateHeader.swift */ = {isa = PBXFileReference; lastKnownFileType = sourcecode.swift; path = DateHeader.swift; sourceTree = "<group>"; };
		75F8B06922CFC6FF0034D78A /* HelpListViewController.swift */ = {isa = PBXFileReference; lastKnownFileType = sourcecode.swift; path = HelpListViewController.swift; sourceTree = "<group>"; };
		75F8B06B22CFD06B0034D78A /* TableCellTableViewCell.swift */ = {isa = PBXFileReference; lastKnownFileType = sourcecode.swift; path = TableCellTableViewCell.swift; sourceTree = "<group>"; };
		75F8B06D22CFD23A0034D78A /* MapLinkDirectionViewController.swift */ = {isa = PBXFileReference; lastKnownFileType = sourcecode.swift; path = MapLinkDirectionViewController.swift; sourceTree = "<group>"; };
		B7FDA0F722E141FD00B99A62 /* color-code.swift */ = {isa = PBXFileReference; lastKnownFileType = sourcecode.swift; path = "color-code.swift"; sourceTree = "<group>"; };
		B7FDA0FD22E1640500B99A62 /* DesignableUITextField.swift */ = {isa = PBXFileReference; fileEncoding = 4; lastKnownFileType = sourcecode.swift; path = DesignableUITextField.swift; sourceTree = "<group>"; };
		D07158118A71933BA01D3BBF /* Pods-FlowClu.debug.xcconfig */ = {isa = PBXFileReference; includeInIndex = 1; lastKnownFileType = text.xcconfig; name = "Pods-FlowClu.debug.xcconfig"; path = "Target Support Files/Pods-FlowClu/Pods-FlowClu.debug.xcconfig"; sourceTree = "<group>"; };
		F400F6CA22E79F3000CF55B1 /* Codes.swift */ = {isa = PBXFileReference; lastKnownFileType = sourcecode.swift; path = Codes.swift; sourceTree = "<group>"; };
		F4102E5E22CD4A5D00A526CF /* AlertVC.swift */ = {isa = PBXFileReference; lastKnownFileType = sourcecode.swift; path = AlertVC.swift; sourceTree = "<group>"; };
		F4102E6122CD4D4000A526CF /* Oxygen-Regular.ttf */ = {isa = PBXFileReference; lastKnownFileType = file; path = "Oxygen-Regular.ttf"; sourceTree = "<group>"; };
		F4102E6222CD4D4000A526CF /* Oxygen-Light.ttf */ = {isa = PBXFileReference; lastKnownFileType = file; path = "Oxygen-Light.ttf"; sourceTree = "<group>"; };
		F4102E6322CD4D4000A526CF /* OFL.txt */ = {isa = PBXFileReference; fileEncoding = 4; lastKnownFileType = text; path = OFL.txt; sourceTree = "<group>"; };
		F4102E6422CD4D4000A526CF /* Oxygen-Bold.ttf */ = {isa = PBXFileReference; lastKnownFileType = file; path = "Oxygen-Bold.ttf"; sourceTree = "<group>"; };
		F4102E6B22CD542600A526CF /* RoundButton.swift */ = {isa = PBXFileReference; lastKnownFileType = sourcecode.swift; path = RoundButton.swift; sourceTree = "<group>"; };
		F4102E6D22CD580C00A526CF /* HEX.swift */ = {isa = PBXFileReference; lastKnownFileType = sourcecode.swift; path = HEX.swift; sourceTree = "<group>"; };
		F4102E7022CDEAEB00A526CF /* OpenSans-SemiBold.ttf */ = {isa = PBXFileReference; lastKnownFileType = file; path = "OpenSans-SemiBold.ttf"; sourceTree = "<group>"; };
		F4102E7122CDEAEB00A526CF /* OpenSans-Light.ttf */ = {isa = PBXFileReference; lastKnownFileType = file; path = "OpenSans-Light.ttf"; sourceTree = "<group>"; };
		F4102E7222CDEAEB00A526CF /* OpenSans-Italic.ttf */ = {isa = PBXFileReference; lastKnownFileType = file; path = "OpenSans-Italic.ttf"; sourceTree = "<group>"; };
		F4102E7322CDEAEB00A526CF /* OpenSans-ExtraBold.ttf */ = {isa = PBXFileReference; lastKnownFileType = file; path = "OpenSans-ExtraBold.ttf"; sourceTree = "<group>"; };
		F4102E7422CDEAEB00A526CF /* OpenSans-LightItalic.ttf */ = {isa = PBXFileReference; lastKnownFileType = file; path = "OpenSans-LightItalic.ttf"; sourceTree = "<group>"; };
		F4102E7522CDEAEB00A526CF /* OpenSans-Bold.ttf */ = {isa = PBXFileReference; lastKnownFileType = file; path = "OpenSans-Bold.ttf"; sourceTree = "<group>"; };
		F4102E7622CDEAEB00A526CF /* OpenSans-SemiBoldItalic.ttf */ = {isa = PBXFileReference; lastKnownFileType = file; path = "OpenSans-SemiBoldItalic.ttf"; sourceTree = "<group>"; };
		F4102E7722CDEAEB00A526CF /* OpenSans-ExtraBoldItalic.ttf */ = {isa = PBXFileReference; lastKnownFileType = file; path = "OpenSans-ExtraBoldItalic.ttf"; sourceTree = "<group>"; };
		F4102E7822CDEAEB00A526CF /* LICENSE.txt */ = {isa = PBXFileReference; fileEncoding = 4; lastKnownFileType = text; path = LICENSE.txt; sourceTree = "<group>"; };
		F4102E7922CDEAEB00A526CF /* OpenSans-Regular.ttf */ = {isa = PBXFileReference; lastKnownFileType = file; path = "OpenSans-Regular.ttf"; sourceTree = "<group>"; };
		F4102E7A22CDEAEB00A526CF /* OpenSans-BoldItalic.ttf */ = {isa = PBXFileReference; lastKnownFileType = file; path = "OpenSans-BoldItalic.ttf"; sourceTree = "<group>"; };
		F4102E8622CDF05900A526CF /* Settings.storyboard */ = {isa = PBXFileReference; lastKnownFileType = file.storyboard; path = Settings.storyboard; sourceTree = "<group>"; };
		F4102E8822CDF4B000A526CF /* RoundCornerNoColor.swift */ = {isa = PBXFileReference; lastKnownFileType = sourcecode.swift; path = RoundCornerNoColor.swift; sourceTree = "<group>"; };
		F4102E8C22CE036F00A526CF /* PostCell.swift */ = {isa = PBXFileReference; lastKnownFileType = sourcecode.swift; path = PostCell.swift; sourceTree = "<group>"; };
		F4102E8E22CE05A700A526CF /* DataSet.swift */ = {isa = PBXFileReference; lastKnownFileType = sourcecode.swift; path = DataSet.swift; sourceTree = "<group>"; };
		F4102E9022CE060400A526CF /* Post.swift */ = {isa = PBXFileReference; lastKnownFileType = sourcecode.swift; path = Post.swift; sourceTree = "<group>"; };
		F4102E9222CE09A800A526CF /* PostsVC.swift */ = {isa = PBXFileReference; lastKnownFileType = sourcecode.swift; path = PostsVC.swift; sourceTree = "<group>"; };
		F4102E9422CEB75F00A526CF /* PostDetailsVC.swift */ = {isa = PBXFileReference; lastKnownFileType = sourcecode.swift; path = PostDetailsVC.swift; sourceTree = "<group>"; };
		F4231B9C22E8943C00F3A2D5 /* Token.swift */ = {isa = PBXFileReference; lastKnownFileType = sourcecode.swift; path = Token.swift; sourceTree = "<group>"; };
		F429256022B88AE7006EEA3B /* Extensions.swift */ = {isa = PBXFileReference; lastKnownFileType = sourcecode.swift; path = Extensions.swift; sourceTree = "<group>"; };
		F4354DDA22AF75490054BFF2 /* HomeStoryboard.storyboard */ = {isa = PBXFileReference; lastKnownFileType = file.storyboard; path = HomeStoryboard.storyboard; sourceTree = "<group>"; };
		F446397822B4C196004CA54C /* GetEmailVC.swift */ = {isa = PBXFileReference; lastKnownFileType = sourcecode.swift; path = GetEmailVC.swift; sourceTree = "<group>"; };
		F44E8FCA35A176D7C3FDDAAD /* Pods-FlowClu.release.xcconfig */ = {isa = PBXFileReference; includeInIndex = 1; lastKnownFileType = text.xcconfig; name = "Pods-FlowClu.release.xcconfig"; path = "Target Support Files/Pods-FlowClu/Pods-FlowClu.release.xcconfig"; sourceTree = "<group>"; };
		F459719A22E498BB004F6900 /* GoogleService-Info.plist */ = {isa = PBXFileReference; fileEncoding = 4; lastKnownFileType = text.plist.xml; path = "GoogleService-Info.plist"; sourceTree = "<group>"; };
		F459719C22E49F62004F6900 /* FlowClu.entitlements */ = {isa = PBXFileReference; lastKnownFileType = text.plist.entitlements; path = FlowClu.entitlements; sourceTree = "<group>"; };
		F459719D22E78103004F6900 /* PushNotificationManager.swift */ = {isa = PBXFileReference; lastKnownFileType = sourcecode.swift; path = PushNotificationManager.swift; sourceTree = "<group>"; };
		F459719F22E7843F004F6900 /* PushNotificationSender.swift */ = {isa = PBXFileReference; fileEncoding = 4; lastKnownFileType = sourcecode.swift; path = PushNotificationSender.swift; sourceTree = "<group>"; };
		F46F627722D8F5BC000919AD /* Calendar.storyboard */ = {isa = PBXFileReference; lastKnownFileType = file.storyboard; path = Calendar.storyboard; sourceTree = "<group>"; };
		F46F627B22D8F62A000919AD /* CalendarVC.swift */ = {isa = PBXFileReference; lastKnownFileType = sourcecode.swift; path = CalendarVC.swift; sourceTree = "<group>"; };
		F46F627D22D8F818000919AD /* DateCell.swift */ = {isa = PBXFileReference; lastKnownFileType = sourcecode.swift; path = DateCell.swift; sourceTree = "<group>"; };
		F47BB09322E95AD70038DC5A /* getTokenData.swift */ = {isa = PBXFileReference; lastKnownFileType = sourcecode.swift; path = getTokenData.swift; sourceTree = "<group>"; };
		F4E1E54422AB4E9700794980 /* FlowClu.app */ = {isa = PBXFileReference; explicitFileType = wrapper.application; includeInIndex = 0; path = FlowClu.app; sourceTree = BUILT_PRODUCTS_DIR; };
		F4E1E54722AB4E9700794980 /* AppDelegate.swift */ = {isa = PBXFileReference; lastKnownFileType = sourcecode.swift; path = AppDelegate.swift; sourceTree = "<group>"; };
		F4E1E54922AB4E9700794980 /* MainStoryboardVC.swift */ = {isa = PBXFileReference; lastKnownFileType = sourcecode.swift; path = MainStoryboardVC.swift; sourceTree = "<group>"; };
		F4E1E54C22AB4E9700794980 /* Base */ = {isa = PBXFileReference; lastKnownFileType = file.storyboard; name = Base; path = Base.lproj/Main.storyboard; sourceTree = "<group>"; };
		F4E1E54E22AB4E9800794980 /* Assets.xcassets */ = {isa = PBXFileReference; lastKnownFileType = folder.assetcatalog; path = Assets.xcassets; sourceTree = "<group>"; };
		F4E1E55122AB4E9800794980 /* Base */ = {isa = PBXFileReference; lastKnownFileType = file.storyboard; name = Base; path = Base.lproj/LaunchScreen.storyboard; sourceTree = "<group>"; };
		F4E1E55322AB4E9800794980 /* Info.plist */ = {isa = PBXFileReference; lastKnownFileType = text.plist.xml; path = Info.plist; sourceTree = "<group>"; };
		F4E1E56022AB6C1900794980 /* EmailSignUpVC.swift */ = {isa = PBXFileReference; lastKnownFileType = sourcecode.swift; path = EmailSignUpVC.swift; sourceTree = "<group>"; };
		F4E1E56222AB6C6300794980 /* SignInVC.swift */ = {isa = PBXFileReference; lastKnownFileType = sourcecode.swift; path = SignInVC.swift; sourceTree = "<group>"; };
		F4E7B91C22B21C2400C64BFE /* HomeStoryboardVC.swift */ = {isa = PBXFileReference; lastKnownFileType = sourcecode.swift; path = HomeStoryboardVC.swift; sourceTree = "<group>"; };
/* End PBXFileReference section */

/* Begin PBXFrameworksBuildPhase section */
		F4E1E54122AB4E9700794980 /* Frameworks */ = {
			isa = PBXFrameworksBuildPhase;
			buildActionMask = 2147483647;
			files = (
				502FC9771AFC1D01DB50C4BB /* Pods_FlowClu.framework in Frameworks */,
			);
			runOnlyForDeploymentPostprocessing = 0;
		};
/* End PBXFrameworksBuildPhase section */

/* Begin PBXGroup section */
		179EA58A6F431E0871E3BFF1 /* Pods */ = {
			isa = PBXGroup;
			children = (
				D07158118A71933BA01D3BBF /* Pods-FlowClu.debug.xcconfig */,
				F44E8FCA35A176D7C3FDDAAD /* Pods-FlowClu.release.xcconfig */,
			);
			path = Pods;
			sourceTree = "<group>";
		};
		40F769BC22E0F00F00CE3EE0 /* Settings */ = {
			isa = PBXGroup;
			children = (
				40F769BD22E0F03A00CE3EE0 /* Settings.swift */,
			);
			path = Settings;
			sourceTree = "<group>";
		};
		A87473B14978F5E60C4439BD /* Frameworks */ = {
			isa = PBXGroup;
			children = (
				50E8B6DE8A5F8E6BAC5D634F /* Pods_FlowClu.framework */,
			);
			name = Frameworks;
			sourceTree = "<group>";
		};
		F4102E5C22CD490300A526CF /* AuthVCs */ = {
			isa = PBXGroup;
			children = (
				F446397822B4C196004CA54C /* GetEmailVC.swift */,
				F4E1E56022AB6C1900794980 /* EmailSignUpVC.swift */,
				F4E1E56222AB6C6300794980 /* SignInVC.swift */,
				F4E1E54922AB4E9700794980 /* MainStoryboardVC.swift */,
				40F769B822E0435D00CE3EE0 /* RoundedWhiteButton.swift */,
				40F769BA22E044A200CE3EE0 /* HelperExtension.swift */,
			);
			path = AuthVCs;
			sourceTree = "<group>";
		};
		F4102E5D22CD49EB00A526CF /* HomeVCs */ = {
			isa = PBXGroup;
			children = (
				F4E7B91C22B21C2400C64BFE /* HomeStoryboardVC.swift */,
				F4102E5E22CD4A5D00A526CF /* AlertVC.swift */,
				F4102E9222CE09A800A526CF /* PostsVC.swift */,
				F4102E9422CEB75F00A526CF /* PostDetailsVC.swift */,
				40AD5D3122E1D9E30083F864 /* addPost.swift */,
			);
			path = HomeVCs;
			sourceTree = "<group>";
		};
		F4102E6022CD4D4000A526CF /* Oxygen */ = {
			isa = PBXGroup;
			children = (
				F4102E6122CD4D4000A526CF /* Oxygen-Regular.ttf */,
				F4102E6222CD4D4000A526CF /* Oxygen-Light.ttf */,
				F4102E6322CD4D4000A526CF /* OFL.txt */,
				F4102E6422CD4D4000A526CF /* Oxygen-Bold.ttf */,
			);
			path = Oxygen;
			sourceTree = "<group>";
		};
		F4102E6F22CDEAEB00A526CF /* Open_Sans */ = {
			isa = PBXGroup;
			children = (
				F4102E7022CDEAEB00A526CF /* OpenSans-SemiBold.ttf */,
				F4102E7122CDEAEB00A526CF /* OpenSans-Light.ttf */,
				F4102E7222CDEAEB00A526CF /* OpenSans-Italic.ttf */,
				F4102E7322CDEAEB00A526CF /* OpenSans-ExtraBold.ttf */,
				F4102E7422CDEAEB00A526CF /* OpenSans-LightItalic.ttf */,
				F4102E7522CDEAEB00A526CF /* OpenSans-Bold.ttf */,
				F4102E7622CDEAEB00A526CF /* OpenSans-SemiBoldItalic.ttf */,
				F4102E7722CDEAEB00A526CF /* OpenSans-ExtraBoldItalic.ttf */,
				F4102E7822CDEAEB00A526CF /* LICENSE.txt */,
				F4102E7922CDEAEB00A526CF /* OpenSans-Regular.ttf */,
				F4102E7A22CDEAEB00A526CF /* OpenSans-BoldItalic.ttf */,
			);
			path = Open_Sans;
			sourceTree = "<group>";
		};
		F429255B22B8885E006EEA3B /* Utils */ = {
			isa = PBXGroup;
			children = (
				B7FDA0FD22E1640500B99A62 /* DesignableUITextField.swift */,
				B7FDA0F722E141FD00B99A62 /* color-code.swift */,
				F429256022B88AE7006EEA3B /* Extensions.swift */,
			);
			path = Utils;
			sourceTree = "<group>";
		};
		F4354DD922AF75090054BFF2 /* Boards */ = {
			isa = PBXGroup;
			children = (
				F4E1E55022AB4E9800794980 /* LaunchScreen.storyboard */,
				F4E1E54B22AB4E9700794980 /* Main.storyboard */,
				F4354DDA22AF75490054BFF2 /* HomeStoryboard.storyboard */,
				F4102E8622CDF05900A526CF /* Settings.storyboard */,
				F46F627722D8F5BC000919AD /* Calendar.storyboard */,
			);
			path = Boards;
			sourceTree = "<group>";
		};
		F46F627922D8F5E3000919AD /* MapsVCs */ = {
			isa = PBXGroup;
			children = (
				75F8B06922CFC6FF0034D78A /* HelpListViewController.swift */,
				75F8B06B22CFD06B0034D78A /* TableCellTableViewCell.swift */,
				75F8B06D22CFD23A0034D78A /* MapLinkDirectionViewController.swift */,
			);
			path = MapsVCs;
			sourceTree = "<group>";
		};
		F46F627A22D8F608000919AD /* CalendarVCs */ = {
			isa = PBXGroup;
			children = (
				F46F627B22D8F62A000919AD /* CalendarVC.swift */,
				7579A2C822D91B930010CAD6 /* DateHeader.swift */,
			);
			path = CalendarVCs;
			sourceTree = "<group>";
		};
		F4E1E53B22AB4E9700794980 = {
			isa = PBXGroup;
			children = (
				F4E1E54622AB4E9700794980 /* FlowClu */,
				F4E1E54522AB4E9700794980 /* Products */,
				179EA58A6F431E0871E3BFF1 /* Pods */,
				A87473B14978F5E60C4439BD /* Frameworks */,
			);
			sourceTree = "<group>";
		};
		F4E1E54522AB4E9700794980 /* Products */ = {
			isa = PBXGroup;
			children = (
				F4E1E54422AB4E9700794980 /* FlowClu.app */,
			);
			name = Products;
			sourceTree = "<group>";
		};
		F4E1E54622AB4E9700794980 /* FlowClu */ = {
			isa = PBXGroup;
			children = (
				F459719C22E49F62004F6900 /* FlowClu.entitlements */,
				F4102E6F22CDEAEB00A526CF /* Open_Sans */,
				F4102E6022CD4D4000A526CF /* Oxygen */,
				F429255B22B8885E006EEA3B /* Utils */,
				F4354DD922AF75090054BFF2 /* Boards */,
				F4E1E55B22AB6BA100794980 /* Models */,
				F4E1E55C22AB6BB000794980 /* Views */,
				F4E1E55D22AB6BB600794980 /* Controllers */,
				F4E1E54722AB4E9700794980 /* AppDelegate.swift */,
				F4E1E54E22AB4E9800794980 /* Assets.xcassets */,
				F459719A22E498BB004F6900 /* GoogleService-Info.plist */,
				F4E1E55322AB4E9800794980 /* Info.plist */,
			);
			path = FlowClu;
			sourceTree = "<group>";
		};
		F4E1E55B22AB6BA100794980 /* Models */ = {
			isa = PBXGroup;
			children = (
				40AD5D3322E1E2450083F864 /* dataRequestStruct.swift */,
				F4102E8E22CE05A700A526CF /* DataSet.swift */,
				F459719D22E78103004F6900 /* PushNotificationManager.swift */,
				F459719F22E7843F004F6900 /* PushNotificationSender.swift */,
				F4102E9022CE060400A526CF /* Post.swift */,
				F4231B9C22E8943C00F3A2D5 /* Token.swift */,
				F46F627D22D8F818000919AD /* DateCell.swift */,
				F400F6CA22E79F3000CF55B1 /* Codes.swift */,
				F47BB09322E95AD70038DC5A /* getTokenData.swift */,
			);
			path = Models;
			sourceTree = "<group>";
		};
		F4E1E55C22AB6BB000794980 /* Views */ = {
			isa = PBXGroup;
			children = (
				F4102E6B22CD542600A526CF /* RoundButton.swift */,
				F4102E6D22CD580C00A526CF /* HEX.swift */,
				F4102E8822CDF4B000A526CF /* RoundCornerNoColor.swift */,
				F4102E8C22CE036F00A526CF /* PostCell.swift */,
			);
			path = Views;
			sourceTree = "<group>";
		};
		F4E1E55D22AB6BB600794980 /* Controllers */ = {
			isa = PBXGroup;
			children = (
				40F769BC22E0F00F00CE3EE0 /* Settings */,
				F46F627A22D8F608000919AD /* CalendarVCs */,
				F4102E5D22CD49EB00A526CF /* HomeVCs */,
				F46F627922D8F5E3000919AD /* MapsVCs */,
				F4102E5C22CD490300A526CF /* AuthVCs */,
			);
			path = Controllers;
			sourceTree = "<group>";
		};
/* End PBXGroup section */

/* Begin PBXNativeTarget section */
		F4E1E54322AB4E9700794980 /* FlowClu */ = {
			isa = PBXNativeTarget;
			buildConfigurationList = F4E1E55622AB4E9800794980 /* Build configuration list for PBXNativeTarget "FlowClu" */;
			buildPhases = (
				D0F26FBAE85CBD99C9AEAB15 /* [CP] Check Pods Manifest.lock */,
				F4E1E54022AB4E9700794980 /* Sources */,
				F4E1E54122AB4E9700794980 /* Frameworks */,
				F4E1E54222AB4E9700794980 /* Resources */,
				636609568AEC85B08F0294A2 /* [CP] Embed Pods Frameworks */,
				24734764C50D17D62A7B47B7 /* [CP] Copy Pods Resources */,
			);
			buildRules = (
			);
			dependencies = (
			);
			name = FlowClu;
			productName = FlowClu;
			productReference = F4E1E54422AB4E9700794980 /* FlowClu.app */;
			productType = "com.apple.product-type.application";
		};
/* End PBXNativeTarget section */

/* Begin PBXProject section */
		F4E1E53C22AB4E9700794980 /* Project object */ = {
			isa = PBXProject;
			attributes = {
				LastSwiftUpdateCheck = 1020;
				LastUpgradeCheck = 1020;
				ORGANIZATIONNAME = "Harman Gill";
				TargetAttributes = {
					F4E1E54322AB4E9700794980 = {
						CreatedOnToolsVersion = 10.2.1;
						LastSwiftMigration = 1010;
						SystemCapabilities = {
							com.apple.Push = {
								enabled = 1;
							};
						};
					};
				};
			};
			buildConfigurationList = F4E1E53F22AB4E9700794980 /* Build configuration list for PBXProject "FlowClu" */;
			compatibilityVersion = "Xcode 9.3";
			developmentRegion = en;
			hasScannedForEncodings = 0;
			knownRegions = (
				en,
				Base,
			);
			mainGroup = F4E1E53B22AB4E9700794980;
			productRefGroup = F4E1E54522AB4E9700794980 /* Products */;
			projectDirPath = "";
			projectRoot = "";
			targets = (
				F4E1E54322AB4E9700794980 /* FlowClu */,
			);
		};
/* End PBXProject section */

/* Begin PBXResourcesBuildPhase section */
		F4E1E54222AB4E9700794980 /* Resources */ = {
			isa = PBXResourcesBuildPhase;
			buildActionMask = 2147483647;
			files = (
				F4102E8122CDEAEB00A526CF /* OpenSans-SemiBoldItalic.ttf in Resources */,
				F4102E8222CDEAEB00A526CF /* OpenSans-ExtraBoldItalic.ttf in Resources */,
				F4102E6822CD4D4000A526CF /* Oxygen-Bold.ttf in Resources */,
				F4102E6622CD4D4000A526CF /* Oxygen-Light.ttf in Resources */,
				F4102E7F22CDEAEB00A526CF /* OpenSans-LightItalic.ttf in Resources */,
				F4102E7B22CDEAEB00A526CF /* OpenSans-SemiBold.ttf in Resources */,
				F4102E8722CDF05900A526CF /* Settings.storyboard in Resources */,
				F4E1E55222AB4E9800794980 /* LaunchScreen.storyboard in Resources */,
				F4E1E54F22AB4E9800794980 /* Assets.xcassets in Resources */,
				F4102E6522CD4D4000A526CF /* Oxygen-Regular.ttf in Resources */,
				F4102E8422CDEAEB00A526CF /* OpenSans-Regular.ttf in Resources */,
				F4102E8022CDEAEB00A526CF /* OpenSans-Bold.ttf in Resources */,
				F4E1E54D22AB4E9700794980 /* Main.storyboard in Resources */,
				F4102E8322CDEAEB00A526CF /* LICENSE.txt in Resources */,
				F4102E8522CDEAEB00A526CF /* OpenSans-BoldItalic.ttf in Resources */,
				F46F627822D8F5BC000919AD /* Calendar.storyboard in Resources */,
				F4102E6722CD4D4000A526CF /* OFL.txt in Resources */,
				F4102E7D22CDEAEB00A526CF /* OpenSans-Italic.ttf in Resources */,
				F4102E7C22CDEAEB00A526CF /* OpenSans-Light.ttf in Resources */,
				F459719B22E498BB004F6900 /* GoogleService-Info.plist in Resources */,
				F4354DDB22AF75490054BFF2 /* HomeStoryboard.storyboard in Resources */,
				F4102E7E22CDEAEB00A526CF /* OpenSans-ExtraBold.ttf in Resources */,
			);
			runOnlyForDeploymentPostprocessing = 0;
		};
/* End PBXResourcesBuildPhase section */

/* Begin PBXShellScriptBuildPhase section */
		24734764C50D17D62A7B47B7 /* [CP] Copy Pods Resources */ = {
			isa = PBXShellScriptBuildPhase;
			buildActionMask = 2147483647;
			files = (
			);
			inputFileListPaths = (
				"${PODS_ROOT}/Target Support Files/Pods-FlowClu/Pods-FlowClu-resources-${CONFIGURATION}-input-files.xcfilelist",
			);
			name = "[CP] Copy Pods Resources";
			outputFileListPaths = (
				"${PODS_ROOT}/Target Support Files/Pods-FlowClu/Pods-FlowClu-resources-${CONFIGURATION}-output-files.xcfilelist",
			);
			runOnlyForDeploymentPostprocessing = 0;
			shellPath = /bin/sh;
			shellScript = "\"${PODS_ROOT}/Target Support Files/Pods-FlowClu/Pods-FlowClu-resources.sh\"\n";
			showEnvVarsInLog = 0;
		};
		636609568AEC85B08F0294A2 /* [CP] Embed Pods Frameworks */ = {
			isa = PBXShellScriptBuildPhase;
			buildActionMask = 2147483647;
			files = (
			);
			inputFileListPaths = (
				"${PODS_ROOT}/Target Support Files/Pods-FlowClu/Pods-FlowClu-frameworks-${CONFIGURATION}-input-files.xcfilelist",
			);
			name = "[CP] Embed Pods Frameworks";
			outputFileListPaths = (
				"${PODS_ROOT}/Target Support Files/Pods-FlowClu/Pods-FlowClu-frameworks-${CONFIGURATION}-output-files.xcfilelist",
			);
			runOnlyForDeploymentPostprocessing = 0;
			shellPath = /bin/sh;
			shellScript = "\"${PODS_ROOT}/Target Support Files/Pods-FlowClu/Pods-FlowClu-frameworks.sh\"\n";
			showEnvVarsInLog = 0;
		};
		D0F26FBAE85CBD99C9AEAB15 /* [CP] Check Pods Manifest.lock */ = {
			isa = PBXShellScriptBuildPhase;
			buildActionMask = 2147483647;
			files = (
			);
			inputFileListPaths = (
			);
			inputPaths = (
				"${PODS_PODFILE_DIR_PATH}/Podfile.lock",
				"${PODS_ROOT}/Manifest.lock",
			);
			name = "[CP] Check Pods Manifest.lock";
			outputFileListPaths = (
			);
			outputPaths = (
				"$(DERIVED_FILE_DIR)/Pods-FlowClu-checkManifestLockResult.txt",
			);
			runOnlyForDeploymentPostprocessing = 0;
			shellPath = /bin/sh;
			shellScript = "diff \"${PODS_PODFILE_DIR_PATH}/Podfile.lock\" \"${PODS_ROOT}/Manifest.lock\" > /dev/null\nif [ $? != 0 ] ; then\n    # print error to STDERR\n    echo \"error: The sandbox is not in sync with the Podfile.lock. Run 'pod install' or update your CocoaPods installation.\" >&2\n    exit 1\nfi\n# This output is used by Xcode 'outputs' to avoid re-running this script phase.\necho \"SUCCESS\" > \"${SCRIPT_OUTPUT_FILE_0}\"\n";
			showEnvVarsInLog = 0;
		};
/* End PBXShellScriptBuildPhase section */

/* Begin PBXSourcesBuildPhase section */
		F4E1E54022AB4E9700794980 /* Sources */ = {
			isa = PBXSourcesBuildPhase;
			buildActionMask = 2147483647;
			files = (
				F47BB09422E95AD70038DC5A /* getTokenData.swift in Sources */,
				F4102E6E22CD580C00A526CF /* HEX.swift in Sources */,
				F4102E6C22CD542600A526CF /* RoundButton.swift in Sources */,
				F4102E9322CE09A800A526CF /* PostsVC.swift in Sources */,
				F4102E9522CEB75F00A526CF /* PostDetailsVC.swift in Sources */,
				F4E1E54A22AB4E9700794980 /* MainStoryboardVC.swift in Sources */,
				F4102E9122CE060400A526CF /* Post.swift in Sources */,
				75F8B06E22CFD23A0034D78A /* MapLinkDirectionViewController.swift in Sources */,
				F4E1E54822AB4E9700794980 /* AppDelegate.swift in Sources */,
				F4102E8922CDF4B000A526CF /* RoundCornerNoColor.swift in Sources */,
				F400F6CB22E79F3000CF55B1 /* Codes.swift in Sources */,
				40F769BE22E0F03A00CE3EE0 /* Settings.swift in Sources */,
				B7FDA0F822E141FE00B99A62 /* color-code.swift in Sources */,
				F4E7B91D22B21C2400C64BFE /* HomeStoryboardVC.swift in Sources */,
				F459719E22E78103004F6900 /* PushNotificationManager.swift in Sources */,
				F4231B9D22E8943C00F3A2D5 /* Token.swift in Sources */,
				F46F627C22D8F62A000919AD /* CalendarVC.swift in Sources */,
				40AD5D3422E1E2450083F864 /* dataRequestStruct.swift in Sources */,
				F429256122B88AE7006EEA3B /* Extensions.swift in Sources */,
				75F8B06C22CFD06B0034D78A /* TableCellTableViewCell.swift in Sources */,
				F45971A022E7843F004F6900 /* PushNotificationSender.swift in Sources */,
				F4E1E56322AB6C6300794980 /* SignInVC.swift in Sources */,
				75F8B06A22CFC6FF0034D78A /* HelpListViewController.swift in Sources */,
				F4102E5F22CD4A5D00A526CF /* AlertVC.swift in Sources */,
				B7FDA0FE22E1640500B99A62 /* DesignableUITextField.swift in Sources */,
				F46F627E22D8F818000919AD /* DateCell.swift in Sources */,
				F446397922B4C196004CA54C /* GetEmailVC.swift in Sources */,
				F4E1E56122AB6C1900794980 /* EmailSignUpVC.swift in Sources */,
				F4102E8F22CE05A700A526CF /* DataSet.swift in Sources */,
				7579A2C922D91B930010CAD6 /* DateHeader.swift in Sources */,
				40F769BB22E044A200CE3EE0 /* HelperExtension.swift in Sources */,
				F4102E8D22CE036F00A526CF /* PostCell.swift in Sources */,
				40F769B922E0435D00CE3EE0 /* RoundedWhiteButton.swift in Sources */,
				40AD5D3222E1D9E30083F864 /* addPost.swift in Sources */,
			);
			runOnlyForDeploymentPostprocessing = 0;
		};
/* End PBXSourcesBuildPhase section */

/* Begin PBXVariantGroup section */
		F4E1E54B22AB4E9700794980 /* Main.storyboard */ = {
			isa = PBXVariantGroup;
			children = (
				F4E1E54C22AB4E9700794980 /* Base */,
			);
			name = Main.storyboard;
			sourceTree = "<group>";
		};
		F4E1E55022AB4E9800794980 /* LaunchScreen.storyboard */ = {
			isa = PBXVariantGroup;
			children = (
				F4E1E55122AB4E9800794980 /* Base */,
			);
			name = LaunchScreen.storyboard;
			sourceTree = "<group>";
		};
/* End PBXVariantGroup section */

/* Begin XCBuildConfiguration section */
		F4E1E55422AB4E9800794980 /* Debug */ = {
			isa = XCBuildConfiguration;
			buildSettings = {
				ALWAYS_SEARCH_USER_PATHS = NO;
				CLANG_ANALYZER_NONNULL = YES;
				CLANG_ANALYZER_NUMBER_OBJECT_CONVERSION = YES_AGGRESSIVE;
				CLANG_CXX_LANGUAGE_STANDARD = "gnu++14";
				CLANG_CXX_LIBRARY = "libc++";
				CLANG_ENABLE_MODULES = YES;
				CLANG_ENABLE_OBJC_ARC = YES;
				CLANG_ENABLE_OBJC_WEAK = YES;
				CLANG_WARN_BLOCK_CAPTURE_AUTORELEASING = YES;
				CLANG_WARN_BOOL_CONVERSION = YES;
				CLANG_WARN_COMMA = YES;
				CLANG_WARN_CONSTANT_CONVERSION = YES;
				CLANG_WARN_DEPRECATED_OBJC_IMPLEMENTATIONS = YES;
				CLANG_WARN_DIRECT_OBJC_ISA_USAGE = YES_ERROR;
				CLANG_WARN_DOCUMENTATION_COMMENTS = YES;
				CLANG_WARN_EMPTY_BODY = YES;
				CLANG_WARN_ENUM_CONVERSION = YES;
				CLANG_WARN_INFINITE_RECURSION = YES;
				CLANG_WARN_INT_CONVERSION = YES;
				CLANG_WARN_NON_LITERAL_NULL_CONVERSION = YES;
				CLANG_WARN_OBJC_IMPLICIT_RETAIN_SELF = YES;
				CLANG_WARN_OBJC_LITERAL_CONVERSION = YES;
				CLANG_WARN_OBJC_ROOT_CLASS = YES_ERROR;
				CLANG_WARN_RANGE_LOOP_ANALYSIS = YES;
				CLANG_WARN_STRICT_PROTOTYPES = YES;
				CLANG_WARN_SUSPICIOUS_MOVE = YES;
				CLANG_WARN_UNGUARDED_AVAILABILITY = YES_AGGRESSIVE;
				CLANG_WARN_UNREACHABLE_CODE = YES;
				CLANG_WARN__DUPLICATE_METHOD_MATCH = YES;
				CODE_SIGN_IDENTITY = "iPhone Developer";
				COPY_PHASE_STRIP = NO;
				DEBUG_INFORMATION_FORMAT = dwarf;
				ENABLE_STRICT_OBJC_MSGSEND = YES;
				ENABLE_TESTABILITY = YES;
				GCC_C_LANGUAGE_STANDARD = gnu11;
				GCC_DYNAMIC_NO_PIC = NO;
				GCC_NO_COMMON_BLOCKS = YES;
				GCC_OPTIMIZATION_LEVEL = 0;
				GCC_PREPROCESSOR_DEFINITIONS = (
					"DEBUG=1",
					"$(inherited)",
				);
				GCC_WARN_64_TO_32_BIT_CONVERSION = YES;
				GCC_WARN_ABOUT_RETURN_TYPE = YES_ERROR;
				GCC_WARN_UNDECLARED_SELECTOR = YES;
				GCC_WARN_UNINITIALIZED_AUTOS = YES_AGGRESSIVE;
				GCC_WARN_UNUSED_FUNCTION = YES;
				GCC_WARN_UNUSED_VARIABLE = YES;
				IPHONEOS_DEPLOYMENT_TARGET = 12.2;
				MTL_ENABLE_DEBUG_INFO = INCLUDE_SOURCE;
				MTL_FAST_MATH = YES;
				ONLY_ACTIVE_ARCH = YES;
				SDKROOT = iphoneos;
				SWIFT_ACTIVE_COMPILATION_CONDITIONS = DEBUG;
				SWIFT_OPTIMIZATION_LEVEL = "-Onone";
			};
			name = Debug;
		};
		F4E1E55522AB4E9800794980 /* Release */ = {
			isa = XCBuildConfiguration;
			buildSettings = {
				ALWAYS_SEARCH_USER_PATHS = NO;
				CLANG_ANALYZER_NONNULL = YES;
				CLANG_ANALYZER_NUMBER_OBJECT_CONVERSION = YES_AGGRESSIVE;
				CLANG_CXX_LANGUAGE_STANDARD = "gnu++14";
				CLANG_CXX_LIBRARY = "libc++";
				CLANG_ENABLE_MODULES = YES;
				CLANG_ENABLE_OBJC_ARC = YES;
				CLANG_ENABLE_OBJC_WEAK = YES;
				CLANG_WARN_BLOCK_CAPTURE_AUTORELEASING = YES;
				CLANG_WARN_BOOL_CONVERSION = YES;
				CLANG_WARN_COMMA = YES;
				CLANG_WARN_CONSTANT_CONVERSION = YES;
				CLANG_WARN_DEPRECATED_OBJC_IMPLEMENTATIONS = YES;
				CLANG_WARN_DIRECT_OBJC_ISA_USAGE = YES_ERROR;
				CLANG_WARN_DOCUMENTATION_COMMENTS = YES;
				CLANG_WARN_EMPTY_BODY = YES;
				CLANG_WARN_ENUM_CONVERSION = YES;
				CLANG_WARN_INFINITE_RECURSION = YES;
				CLANG_WARN_INT_CONVERSION = YES;
				CLANG_WARN_NON_LITERAL_NULL_CONVERSION = YES;
				CLANG_WARN_OBJC_IMPLICIT_RETAIN_SELF = YES;
				CLANG_WARN_OBJC_LITERAL_CONVERSION = YES;
				CLANG_WARN_OBJC_ROOT_CLASS = YES_ERROR;
				CLANG_WARN_RANGE_LOOP_ANALYSIS = YES;
				CLANG_WARN_STRICT_PROTOTYPES = YES;
				CLANG_WARN_SUSPICIOUS_MOVE = YES;
				CLANG_WARN_UNGUARDED_AVAILABILITY = YES_AGGRESSIVE;
				CLANG_WARN_UNREACHABLE_CODE = YES;
				CLANG_WARN__DUPLICATE_METHOD_MATCH = YES;
				CODE_SIGN_IDENTITY = "iPhone Developer";
				COPY_PHASE_STRIP = NO;
				DEBUG_INFORMATION_FORMAT = "dwarf-with-dsym";
				ENABLE_NS_ASSERTIONS = NO;
				ENABLE_STRICT_OBJC_MSGSEND = YES;
				GCC_C_LANGUAGE_STANDARD = gnu11;
				GCC_NO_COMMON_BLOCKS = YES;
				GCC_WARN_64_TO_32_BIT_CONVERSION = YES;
				GCC_WARN_ABOUT_RETURN_TYPE = YES_ERROR;
				GCC_WARN_UNDECLARED_SELECTOR = YES;
				GCC_WARN_UNINITIALIZED_AUTOS = YES_AGGRESSIVE;
				GCC_WARN_UNUSED_FUNCTION = YES;
				GCC_WARN_UNUSED_VARIABLE = YES;
				IPHONEOS_DEPLOYMENT_TARGET = 12.2;
				MTL_ENABLE_DEBUG_INFO = NO;
				MTL_FAST_MATH = YES;
				SDKROOT = iphoneos;
				SWIFT_COMPILATION_MODE = wholemodule;
				SWIFT_OPTIMIZATION_LEVEL = "-O";
				VALIDATE_PRODUCT = YES;
			};
			name = Release;
		};
		F4E1E55722AB4E9800794980 /* Debug */ = {
			isa = XCBuildConfiguration;
			baseConfigurationReference = D07158118A71933BA01D3BBF /* Pods-FlowClu.debug.xcconfig */;
			buildSettings = {
				ASSETCATALOG_COMPILER_APPICON_NAME = AppIcon;
				CODE_SIGN_ENTITLEMENTS = FlowClu/FlowClu.entitlements;
				CODE_SIGN_IDENTITY = "iPhone Developer";
				CODE_SIGN_STYLE = Automatic;
				DEVELOPMENT_TEAM = K325GB34HX;
				INFOPLIST_FILE = FlowClu/Info.plist;
				IPHONEOS_DEPLOYMENT_TARGET = 12.1;
				LD_RUNPATH_SEARCH_PATHS = (
					"$(inherited)",
					"@executable_path/Frameworks",
				);
				PRODUCT_BUNDLE_IDENTIFIER = com.harmangill.FloClu;
				PRODUCT_NAME = "$(TARGET_NAME)";
				PROVISIONING_PROFILE_SPECIFIER = "";
				SWIFT_VERSION = 4.2;
				TARGETED_DEVICE_FAMILY = "1,2";
			};
			name = Debug;
		};
		F4E1E55822AB4E9800794980 /* Release */ = {
			isa = XCBuildConfiguration;
			baseConfigurationReference = F44E8FCA35A176D7C3FDDAAD /* Pods-FlowClu.release.xcconfig */;
			buildSettings = {
				ASSETCATALOG_COMPILER_APPICON_NAME = AppIcon;
				CODE_SIGN_ENTITLEMENTS = FlowClu/FlowClu.entitlements;
				CODE_SIGN_IDENTITY = "iPhone Developer";
				CODE_SIGN_STYLE = Automatic;
				DEVELOPMENT_TEAM = K325GB34HX;
				INFOPLIST_FILE = FlowClu/Info.plist;
				IPHONEOS_DEPLOYMENT_TARGET = 12.1;
				LD_RUNPATH_SEARCH_PATHS = (
					"$(inherited)",
					"@executable_path/Frameworks",
				);
				PRODUCT_BUNDLE_IDENTIFIER = com.harmangill.FloClu;
				PRODUCT_NAME = "$(TARGET_NAME)";
				PROVISIONING_PROFILE_SPECIFIER = "";
				SWIFT_VERSION = 4.2;
				TARGETED_DEVICE_FAMILY = "1,2";
			};
			name = Release;
		};
/* End XCBuildConfiguration section */

/* Begin XCConfigurationList section */
		F4E1E53F22AB4E9700794980 /* Build configuration list for PBXProject "FlowClu" */ = {
			isa = XCConfigurationList;
			buildConfigurations = (
				F4E1E55422AB4E9800794980 /* Debug */,
				F4E1E55522AB4E9800794980 /* Release */,
			);
			defaultConfigurationIsVisible = 0;
			defaultConfigurationName = Release;
		};
		F4E1E55622AB4E9800794980 /* Build configuration list for PBXNativeTarget "FlowClu" */ = {
			isa = XCConfigurationList;
			buildConfigurations = (
				F4E1E55722AB4E9800794980 /* Debug */,
				F4E1E55822AB4E9800794980 /* Release */,
			);
			defaultConfigurationIsVisible = 0;
			defaultConfigurationName = Release;
		};
/* End XCConfigurationList section */
	};
	rootObject = F4E1E53C22AB4E9700794980 /* Project object */;
}
