// !$*UTF8*$!
{
	archiveVersion = 1;
	classes = {
	};
	objectVersion = 51;
	objects = {

/* Begin PBXBuildFile section */
		502FC9771AFC1D01DB50C4BB /* Pods_FlowClu.framework in Frameworks */ = {isa = PBXBuildFile; fileRef = 50E8B6DE8A5F8E6BAC5D634F /* Pods_FlowClu.framework */; };
		F4354DCE22AF25130054BFF2 /* GoogleService-Info.plist in Resources */ = {isa = PBXBuildFile; fileRef = F4354DCD22AF25120054BFF2 /* GoogleService-Info.plist */; };
		F4354DD022AF28B40054BFF2 /* FirebaseRegister.swift in Sources */ = {isa = PBXBuildFile; fileRef = F4354DCF22AF28B40054BFF2 /* FirebaseRegister.swift */; };
		F4354DD222AF28EB0054BFF2 /* FirebaseLogin.swift in Sources */ = {isa = PBXBuildFile; fileRef = F4354DD122AF28EB0054BFF2 /* FirebaseLogin.swift */; };
		F4354DD422AF293A0054BFF2 /* FirebaseSignOut.swift in Sources */ = {isa = PBXBuildFile; fileRef = F4354DD322AF293A0054BFF2 /* FirebaseSignOut.swift */; };
		F4354DDB22AF75490054BFF2 /* HomeStoryboard.storyboard in Resources */ = {isa = PBXBuildFile; fileRef = F4354DDA22AF75490054BFF2 /* HomeStoryboard.storyboard */; };
		F4E1E54822AB4E9700794980 /* AppDelegate.swift in Sources */ = {isa = PBXBuildFile; fileRef = F4E1E54722AB4E9700794980 /* AppDelegate.swift */; };
		F4E1E54A22AB4E9700794980 /* MainStoryboardVC.swift in Sources */ = {isa = PBXBuildFile; fileRef = F4E1E54922AB4E9700794980 /* MainStoryboardVC.swift */; };
		F4E1E54D22AB4E9700794980 /* Main.storyboard in Resources */ = {isa = PBXBuildFile; fileRef = F4E1E54B22AB4E9700794980 /* Main.storyboard */; };
		F4E1E54F22AB4E9800794980 /* Assets.xcassets in Resources */ = {isa = PBXBuildFile; fileRef = F4E1E54E22AB4E9800794980 /* Assets.xcassets */; };
		F4E1E55222AB4E9800794980 /* LaunchScreen.storyboard in Resources */ = {isa = PBXBuildFile; fileRef = F4E1E55022AB4E9800794980 /* LaunchScreen.storyboard */; };
		F4E1E56122AB6C1900794980 /* EmailSignUpVC.swift in Sources */ = {isa = PBXBuildFile; fileRef = F4E1E56022AB6C1900794980 /* EmailSignUpVC.swift */; };
		F4E1E56322AB6C6300794980 /* SignInVC.swift in Sources */ = {isa = PBXBuildFile; fileRef = F4E1E56222AB6C6300794980 /* SignInVC.swift */; };
		F4E7B91D22B21C2400C64BFE /* HomeStoryboardVC.swift in Sources */ = {isa = PBXBuildFile; fileRef = F4E7B91C22B21C2400C64BFE /* HomeStoryboardVC.swift */; };
/* End PBXBuildFile section */

/* Begin PBXFileReference section */
		50E8B6DE8A5F8E6BAC5D634F /* Pods_FlowClu.framework */ = {isa = PBXFileReference; explicitFileType = wrapper.framework; includeInIndex = 0; path = Pods_FlowClu.framework; sourceTree = BUILT_PRODUCTS_DIR; };
		D07158118A71933BA01D3BBF /* Pods-FlowClu.debug.xcconfig */ = {isa = PBXFileReference; includeInIndex = 1; lastKnownFileType = text.xcconfig; name = "Pods-FlowClu.debug.xcconfig"; path = "Target Support Files/Pods-FlowClu/Pods-FlowClu.debug.xcconfig"; sourceTree = "<group>"; };
		F4354DCD22AF25120054BFF2 /* GoogleService-Info.plist */ = {isa = PBXFileReference; fileEncoding = 4; lastKnownFileType = text.plist.xml; path = "GoogleService-Info.plist"; sourceTree = "<group>"; };
		F4354DCF22AF28B40054BFF2 /* FirebaseRegister.swift */ = {isa = PBXFileReference; lastKnownFileType = sourcecode.swift; path = FirebaseRegister.swift; sourceTree = "<group>"; };
		F4354DD122AF28EB0054BFF2 /* FirebaseLogin.swift */ = {isa = PBXFileReference; lastKnownFileType = sourcecode.swift; path = FirebaseLogin.swift; sourceTree = "<group>"; };
		F4354DD322AF293A0054BFF2 /* FirebaseSignOut.swift */ = {isa = PBXFileReference; lastKnownFileType = sourcecode.swift; path = FirebaseSignOut.swift; sourceTree = "<group>"; };
		F4354DDA22AF75490054BFF2 /* HomeStoryboard.storyboard */ = {isa = PBXFileReference; lastKnownFileType = file.storyboard; path = HomeStoryboard.storyboard; sourceTree = "<group>"; };
		F44E8FCA35A176D7C3FDDAAD /* Pods-FlowClu.release.xcconfig */ = {isa = PBXFileReference; includeInIndex = 1; lastKnownFileType = text.xcconfig; name = "Pods-FlowClu.release.xcconfig"; path = "Target Support Files/Pods-FlowClu/Pods-FlowClu.release.xcconfig"; sourceTree = "<group>"; };
		F4E1E54422AB4E9700794980 /* FlowClu.app */ = {isa = PBXFileReference; explicitFileType = wrapper.application; includeInIndex = 0; path = FlowClu.app; sourceTree = BUILT_PRODUCTS_DIR; };
		F4E1E54722AB4E9700794980 /* AppDelegate.swift */ = {isa = PBXFileReference; lastKnownFileType = sourcecode.swift; path = AppDelegate.swift; sourceTree = "<group>"; };
		F4E1E54922AB4E9700794980 /* MainStoryboardVC.swift */ = {isa = PBXFileReference; lastKnownFileType = sourcecode.swift; path = MainStoryboardVC.swift; sourceTree = "<group>"; };
		F4E1E54C22AB4E9700794980 /* Base */ = {isa = PBXFileReference; lastKnownFileType = file.storyboard; name = Base; path = Base.lproj/Main.storyboard; sourceTree = "<group>"; };
		F4E1E54E22AB4E9800794980 /* Assets.xcassets */ = {isa = PBXFileReference; lastKnownFileType = folder.assetcatalog; path = Assets.xcassets; sourceTree = "<group>"; };
		F4E1E55122AB4E9800794980 /* Base */ = {isa = PBXFileReference; lastKnownFileType = file.storyboard; name = Base; path = Base.lproj/LaunchScreen.storyboard; sourceTree = "<group>"; };
		F4E1E55322AB4E9800794980 /* Info.plist */ = {isa = PBXFileReference; lastKnownFileType = text.plist.xml; path = Info.plist; sourceTree = "<group>"; };
		F4E1E56022AB6C1900794980 /* EmailSignUpVC.swift */ = {isa = PBXFileReference; lastKnownFileType = sourcecode.swift; path = EmailSignUpVC.swift; sourceTree = "<group>"; };
		F4E1E56222AB6C6300794980 /* SignInVC.swift */ = {isa = PBXFileReference; lastKnownFileType = sourcecode.swift; path = SignInVC.swift; sourceTree = "<group>"; };
		F4E7B91C22B21C2400C64BFE /* HomeStoryboardVC.swift */ = {isa = PBXFileReference; lastKnownFileType = sourcecode.swift; path = HomeStoryboardVC.swift; sourceTree = "<group>"; };
/* End PBXFileReference section */

/* Begin PBXFrameworksBuildPhase section */
		F4E1E54122AB4E9700794980 /* Frameworks */ = {
			isa = PBXFrameworksBuildPhase;
			buildActionMask = 2147483647;
			files = (
				502FC9771AFC1D01DB50C4BB /* Pods_FlowClu.framework in Frameworks */,
			);
			runOnlyForDeploymentPostprocessing = 0;
		};
/* End PBXFrameworksBuildPhase section */

/* Begin PBXGroup section */
		179EA58A6F431E0871E3BFF1 /* Pods */ = {
			isa = PBXGroup;
			children = (
				D07158118A71933BA01D3BBF /* Pods-FlowClu.debug.xcconfig */,
				F44E8FCA35A176D7C3FDDAAD /* Pods-FlowClu.release.xcconfig */,
			);
			path = Pods;
			sourceTree = "<group>";
		};
		A87473B14978F5E60C4439BD /* Frameworks */ = {
			isa = PBXGroup;
			children = (
				50E8B6DE8A5F8E6BAC5D634F /* Pods_FlowClu.framework */,
			);
			name = Frameworks;
			sourceTree = "<group>";
		};
		F4354DD922AF75090054BFF2 /* Boards */ = {
			isa = PBXGroup;
			children = (
				F4E1E55022AB4E9800794980 /* LaunchScreen.storyboard */,
				F4E1E54B22AB4E9700794980 /* Main.storyboard */,
				F4354DDA22AF75490054BFF2 /* HomeStoryboard.storyboard */,
			);
			path = Boards;
			sourceTree = "<group>";
		};
		F4E1E53B22AB4E9700794980 = {
			isa = PBXGroup;
			children = (
				F4E1E54622AB4E9700794980 /* FlowClu */,
				F4E1E54522AB4E9700794980 /* Products */,
				179EA58A6F431E0871E3BFF1 /* Pods */,
				A87473B14978F5E60C4439BD /* Frameworks */,
			);
			sourceTree = "<group>";
		};
		F4E1E54522AB4E9700794980 /* Products */ = {
			isa = PBXGroup;
			children = (
				F4E1E54422AB4E9700794980 /* FlowClu.app */,
			);
			name = Products;
			sourceTree = "<group>";
		};
		F4E1E54622AB4E9700794980 /* FlowClu */ = {
			isa = PBXGroup;
			children = (
				F4354DD922AF75090054BFF2 /* Boards */,
				F4E1E55B22AB6BA100794980 /* Models */,
				F4E1E55C22AB6BB000794980 /* Views */,
				F4E1E55D22AB6BB600794980 /* Controllers */,
				F4E1E54722AB4E9700794980 /* AppDelegate.swift */,
				F4E1E54E22AB4E9800794980 /* Assets.xcassets */,
				F4E1E55322AB4E9800794980 /* Info.plist */,
				F4354DCD22AF25120054BFF2 /* GoogleService-Info.plist */,
			);
			path = FlowClu;
			sourceTree = "<group>";
		};
		F4E1E55B22AB6BA100794980 /* Models */ = {
			isa = PBXGroup;
			children = (
				F4354DCF22AF28B40054BFF2 /* FirebaseRegister.swift */,
				F4354DD122AF28EB0054BFF2 /* FirebaseLogin.swift */,
				F4354DD322AF293A0054BFF2 /* FirebaseSignOut.swift */,
			);
			path = Models;
			sourceTree = "<group>";
		};
		F4E1E55C22AB6BB000794980 /* Views */ = {
			isa = PBXGroup;
			children = (
			);
			path = Views;
			sourceTree = "<group>";
		};
		F4E1E55D22AB6BB600794980 /* Controllers */ = {
			isa = PBXGroup;
			children = (
				F4E1E54922AB4E9700794980 /* MainStoryboardVC.swift */,
				F4E1E56022AB6C1900794980 /* EmailSignUpVC.swift */,
				F4E1E56222AB6C6300794980 /* SignInVC.swift */,
				F4E7B91C22B21C2400C64BFE /* HomeStoryboardVC.swift */,
			);
			path = Controllers;
			sourceTree = "<group>";
		};
/* End PBXGroup section */

/* Begin PBXNativeTarget section */
		F4E1E54322AB4E9700794980 /* FlowClu */ = {
			isa = PBXNativeTarget;
			buildConfigurationList = F4E1E55622AB4E9800794980 /* Build configuration list for PBXNativeTarget "FlowClu" */;
			buildPhases = (
				D0F26FBAE85CBD99C9AEAB15 /* [CP] Check Pods Manifest.lock */,
				F4E1E54022AB4E9700794980 /* Sources */,
				F4E1E54122AB4E9700794980 /* Frameworks */,
				F4E1E54222AB4E9700794980 /* Resources */,
				31150C54F984F5861BB76EBA /* [CP] Embed Pods Frameworks */,
			);
			buildRules = (
			);
			dependencies = (
			);
			name = FlowClu;
			productName = FlowClu;
			productReference = F4E1E54422AB4E9700794980 /* FlowClu.app */;
			productType = "com.apple.product-type.application";
		};
/* End PBXNativeTarget section */

/* Begin PBXProject section */
		F4E1E53C22AB4E9700794980 /* Project object */ = {
			isa = PBXProject;
			attributes = {
				LastSwiftUpdateCheck = 1020;
				LastUpgradeCheck = 1020;
				ORGANIZATIONNAME = "Harman Gill";
				TargetAttributes = {
					F4E1E54322AB4E9700794980 = {
						CreatedOnToolsVersion = 10.2.1;
					};
				};
			};
			buildConfigurationList = F4E1E53F22AB4E9700794980 /* Build configuration list for PBXProject "FlowClu" */;
			compatibilityVersion = "Xcode 9.3";
			developmentRegion = en;
			hasScannedForEncodings = 0;
			knownRegions = (
				en,
				Base,
			);
			mainGroup = F4E1E53B22AB4E9700794980;
			productRefGroup = F4E1E54522AB4E9700794980 /* Products */;
			projectDirPath = "";
			projectRoot = "";
			targets = (
				F4E1E54322AB4E9700794980 /* FlowClu */,
			);
		};
/* End PBXProject section */

/* Begin PBXResourcesBuildPhase section */
		F4E1E54222AB4E9700794980 /* Resources */ = {
			isa = PBXResourcesBuildPhase;
			buildActionMask = 2147483647;
			files = (
				F4354DCE22AF25130054BFF2 /* GoogleService-Info.plist in Resources */,
				F4E1E55222AB4E9800794980 /* LaunchScreen.storyboard in Resources */,
				F4E1E54F22AB4E9800794980 /* Assets.xcassets in Resources */,
				F4E1E54D22AB4E9700794980 /* Main.storyboard in Resources */,
				F4354DDB22AF75490054BFF2 /* HomeStoryboard.storyboard in Resources */,
			);
			runOnlyForDeploymentPostprocessing = 0;
		};
/* End PBXResourcesBuildPhase section */

/* Begin PBXShellScriptBuildPhase section */
		31150C54F984F5861BB76EBA /* [CP] Embed Pods Frameworks */ = {
			isa = PBXShellScriptBuildPhase;
			buildActionMask = 2147483647;
			files = (
			);
			inputFileListPaths = (
				"${PODS_ROOT}/Target Support Files/Pods-FlowClu/Pods-FlowClu-frameworks-${CONFIGURATION}-input-files.xcfilelist",
			);
			name = "[CP] Embed Pods Frameworks";
			outputFileListPaths = (
				"${PODS_ROOT}/Target Support Files/Pods-FlowClu/Pods-FlowClu-frameworks-${CONFIGURATION}-output-files.xcfilelist",
			);
			runOnlyForDeploymentPostprocessing = 0;
			shellPath = /bin/sh;
			shellScript = "\"${PODS_ROOT}/Target Support Files/Pods-FlowClu/Pods-FlowClu-frameworks.sh\"\n";
			showEnvVarsInLog = 0;
		};
		D0F26FBAE85CBD99C9AEAB15 /* [CP] Check Pods Manifest.lock */ = {
			isa = PBXShellScriptBuildPhase;
			buildActionMask = 2147483647;
			files = (
			);
			inputFileListPaths = (
			);
			inputPaths = (
				"${PODS_PODFILE_DIR_PATH}/Podfile.lock",
				"${PODS_ROOT}/Manifest.lock",
			);
			name = "[CP] Check Pods Manifest.lock";
			outputFileListPaths = (
			);
			outputPaths = (
				"$(DERIVED_FILE_DIR)/Pods-FlowClu-checkManifestLockResult.txt",
			);
			runOnlyForDeploymentPostprocessing = 0;
			shellPath = /bin/sh;
			shellScript = "diff \"${PODS_PODFILE_DIR_PATH}/Podfile.lock\" \"${PODS_ROOT}/Manifest.lock\" > /dev/null\nif [ $? != 0 ] ; then\n    # print error to STDERR\n    echo \"error: The sandbox is not in sync with the Podfile.lock. Run 'pod install' or update your CocoaPods installation.\" >&2\n    exit 1\nfi\n# This output is used by Xcode 'outputs' to avoid re-running this script phase.\necho \"SUCCESS\" > \"${SCRIPT_OUTPUT_FILE_0}\"\n";
			showEnvVarsInLog = 0;
		};
/* End PBXShellScriptBuildPhase section */

/* Begin PBXSourcesBuildPhase section */
		F4E1E54022AB4E9700794980 /* Sources */ = {
			isa = PBXSourcesBuildPhase;
			buildActionMask = 2147483647;
			files = (
				F4354DD222AF28EB0054BFF2 /* FirebaseLogin.swift in Sources */,
				F4E1E54A22AB4E9700794980 /* MainStoryboardVC.swift in Sources */,
				F4354DD022AF28B40054BFF2 /* FirebaseRegister.swift in Sources */,
				F4E1E54822AB4E9700794980 /* AppDelegate.swift in Sources */,
				F4E7B91D22B21C2400C64BFE /* HomeStoryboardVC.swift in Sources */,
				F4E1E56322AB6C6300794980 /* SignInVC.swift in Sources */,
				F4354DD422AF293A0054BFF2 /* FirebaseSignOut.swift in Sources */,
				F4E1E56122AB6C1900794980 /* EmailSignUpVC.swift in Sources */,
			);
			runOnlyForDeploymentPostprocessing = 0;
		};
/* End PBXSourcesBuildPhase section */

/* Begin PBXVariantGroup section */
		F4E1E54B22AB4E9700794980 /* Main.storyboard */ = {
			isa = PBXVariantGroup;
			children = (
				F4E1E54C22AB4E9700794980 /* Base */,
			);
			name = Main.storyboard;
			sourceTree = "<group>";
		};
		F4E1E55022AB4E9800794980 /* LaunchScreen.storyboard */ = {
			isa = PBXVariantGroup;
			children = (
				F4E1E55122AB4E9800794980 /* Base */,
			);
			name = LaunchScreen.storyboard;
			sourceTree = "<group>";
		};
/* End PBXVariantGroup section */

/* Begin XCBuildConfiguration section */
		F4E1E55422AB4E9800794980 /* Debug */ = {
			isa = XCBuildConfiguration;
			buildSettings = {
				ALWAYS_SEARCH_USER_PATHS = NO;
				CLANG_ANALYZER_NONNULL = YES;
				CLANG_ANALYZER_NUMBER_OBJECT_CONVERSION = YES_AGGRESSIVE;
				CLANG_CXX_LANGUAGE_STANDARD = "gnu++14";
				CLANG_CXX_LIBRARY = "libc++";
				CLANG_ENABLE_MODULES = YES;
				CLANG_ENABLE_OBJC_ARC = YES;
				CLANG_ENABLE_OBJC_WEAK = YES;
				CLANG_WARN_BLOCK_CAPTURE_AUTORELEASING = YES;
				CLANG_WARN_BOOL_CONVERSION = YES;
				CLANG_WARN_COMMA = YES;
				CLANG_WARN_CONSTANT_CONVERSION = YES;
				CLANG_WARN_DEPRECATED_OBJC_IMPLEMENTATIONS = YES;
				CLANG_WARN_DIRECT_OBJC_ISA_USAGE = YES_ERROR;
				CLANG_WARN_DOCUMENTATION_COMMENTS = YES;
				CLANG_WARN_EMPTY_BODY = YES;
				CLANG_WARN_ENUM_CONVERSION = YES;
				CLANG_WARN_INFINITE_RECURSION = YES;
				CLANG_WARN_INT_CONVERSION = YES;
				CLANG_WARN_NON_LITERAL_NULL_CONVERSION = YES;
				CLANG_WARN_OBJC_IMPLICIT_RETAIN_SELF = YES;
				CLANG_WARN_OBJC_LITERAL_CONVERSION = YES;
				CLANG_WARN_OBJC_ROOT_CLASS = YES_ERROR;
				CLANG_WARN_RANGE_LOOP_ANALYSIS = YES;
				CLANG_WARN_STRICT_PROTOTYPES = YES;
				CLANG_WARN_SUSPICIOUS_MOVE = YES;
				CLANG_WARN_UNGUARDED_AVAILABILITY = YES_AGGRESSIVE;
				CLANG_WARN_UNREACHABLE_CODE = YES;
				CLANG_WARN__DUPLICATE_METHOD_MATCH = YES;
				CODE_SIGN_IDENTITY = "iPhone Developer";
				COPY_PHASE_STRIP = NO;
				DEBUG_INFORMATION_FORMAT = dwarf;
				ENABLE_STRICT_OBJC_MSGSEND = YES;
				ENABLE_TESTABILITY = YES;
				GCC_C_LANGUAGE_STANDARD = gnu11;
				GCC_DYNAMIC_NO_PIC = NO;
				GCC_NO_COMMON_BLOCKS = YES;
				GCC_OPTIMIZATION_LEVEL = 0;
				GCC_PREPROCESSOR_DEFINITIONS = (
					"DEBUG=1",
					"$(inherited)",
				);
				GCC_WARN_64_TO_32_BIT_CONVERSION = YES;
				GCC_WARN_ABOUT_RETURN_TYPE = YES_ERROR;
				GCC_WARN_UNDECLARED_SELECTOR = YES;
				GCC_WARN_UNINITIALIZED_AUTOS = YES_AGGRESSIVE;
				GCC_WARN_UNUSED_FUNCTION = YES;
				GCC_WARN_UNUSED_VARIABLE = YES;
				IPHONEOS_DEPLOYMENT_TARGET = 12.2;
				MTL_ENABLE_DEBUG_INFO = INCLUDE_SOURCE;
				MTL_FAST_MATH = YES;
				ONLY_ACTIVE_ARCH = YES;
				SDKROOT = iphoneos;
				SWIFT_ACTIVE_COMPILATION_CONDITIONS = DEBUG;
				SWIFT_OPTIMIZATION_LEVEL = "-Onone";
			};
			name = Debug;
		};
		F4E1E55522AB4E9800794980 /* Release */ = {
			isa = XCBuildConfiguration;
			buildSettings = {
				ALWAYS_SEARCH_USER_PATHS = NO;
				CLANG_ANALYZER_NONNULL = YES;
				CLANG_ANALYZER_NUMBER_OBJECT_CONVERSION = YES_AGGRESSIVE;
				CLANG_CXX_LANGUAGE_STANDARD = "gnu++14";
				CLANG_CXX_LIBRARY = "libc++";
				CLANG_ENABLE_MODULES = YES;
				CLANG_ENABLE_OBJC_ARC = YES;
				CLANG_ENABLE_OBJC_WEAK = YES;
				CLANG_WARN_BLOCK_CAPTURE_AUTORELEASING = YES;
				CLANG_WARN_BOOL_CONVERSION = YES;
				CLANG_WARN_COMMA = YES;
				CLANG_WARN_CONSTANT_CONVERSION = YES;
				CLANG_WARN_DEPRECATED_OBJC_IMPLEMENTATIONS = YES;
				CLANG_WARN_DIRECT_OBJC_ISA_USAGE = YES_ERROR;
				CLANG_WARN_DOCUMENTATION_COMMENTS = YES;
				CLANG_WARN_EMPTY_BODY = YES;
				CLANG_WARN_ENUM_CONVERSION = YES;
				CLANG_WARN_INFINITE_RECURSION = YES;
				CLANG_WARN_INT_CONVERSION = YES;
				CLANG_WARN_NON_LITERAL_NULL_CONVERSION = YES;
				CLANG_WARN_OBJC_IMPLICIT_RETAIN_SELF = YES;
				CLANG_WARN_OBJC_LITERAL_CONVERSION = YES;
				CLANG_WARN_OBJC_ROOT_CLASS = YES_ERROR;
				CLANG_WARN_RANGE_LOOP_ANALYSIS = YES;
				CLANG_WARN_STRICT_PROTOTYPES = YES;
				CLANG_WARN_SUSPICIOUS_MOVE = YES;
				CLANG_WARN_UNGUARDED_AVAILABILITY = YES_AGGRESSIVE;
				CLANG_WARN_UNREACHABLE_CODE = YES;
				CLANG_WARN__DUPLICATE_METHOD_MATCH = YES;
				CODE_SIGN_IDENTITY = "iPhone Developer";
				COPY_PHASE_STRIP = NO;
				DEBUG_INFORMATION_FORMAT = "dwarf-with-dsym";
				ENABLE_NS_ASSERTIONS = NO;
				ENABLE_STRICT_OBJC_MSGSEND = YES;
				GCC_C_LANGUAGE_STANDARD = gnu11;
				GCC_NO_COMMON_BLOCKS = YES;
				GCC_WARN_64_TO_32_BIT_CONVERSION = YES;
				GCC_WARN_ABOUT_RETURN_TYPE = YES_ERROR;
				GCC_WARN_UNDECLARED_SELECTOR = YES;
				GCC_WARN_UNINITIALIZED_AUTOS = YES_AGGRESSIVE;
				GCC_WARN_UNUSED_FUNCTION = YES;
				GCC_WARN_UNUSED_VARIABLE = YES;
				IPHONEOS_DEPLOYMENT_TARGET = 12.2;
				MTL_ENABLE_DEBUG_INFO = NO;
				MTL_FAST_MATH = YES;
				SDKROOT = iphoneos;
				SWIFT_COMPILATION_MODE = wholemodule;
				SWIFT_OPTIMIZATION_LEVEL = "-O";
				VALIDATE_PRODUCT = YES;
			};
			name = Release;
		};
		F4E1E55722AB4E9800794980 /* Debug */ = {
			isa = XCBuildConfiguration;
			baseConfigurationReference = D07158118A71933BA01D3BBF /* Pods-FlowClu.debug.xcconfig */;
			buildSettings = {
				ASSETCATALOG_COMPILER_APPICON_NAME = AppIcon;
				CODE_SIGN_STYLE = Automatic;
				INFOPLIST_FILE = FlowClu/Info.plist;
				LD_RUNPATH_SEARCH_PATHS = (
					"$(inherited)",
					"@executable_path/Frameworks",
				);
				PRODUCT_BUNDLE_IDENTIFIER = com.harmangill.FlowClu;
				PRODUCT_NAME = "$(TARGET_NAME)";
				SWIFT_VERSION = 5.0;
				TARGETED_DEVICE_FAMILY = "1,2";
			};
			name = Debug;
		};
		F4E1E55822AB4E9800794980 /* Release */ = {
			isa = XCBuildConfiguration;
			baseConfigurationReference = F44E8FCA35A176D7C3FDDAAD /* Pods-FlowClu.release.xcconfig */;
			buildSettings = {
				ASSETCATALOG_COMPILER_APPICON_NAME = AppIcon;
				CODE_SIGN_STYLE = Automatic;
				INFOPLIST_FILE = FlowClu/Info.plist;
				LD_RUNPATH_SEARCH_PATHS = (
					"$(inherited)",
					"@executable_path/Frameworks",
				);
				PRODUCT_BUNDLE_IDENTIFIER = com.harmangill.FlowClu;
				PRODUCT_NAME = "$(TARGET_NAME)";
				SWIFT_VERSION = 5.0;
				TARGETED_DEVICE_FAMILY = "1,2";
			};
			name = Release;
		};
/* End XCBuildConfiguration section */

/* Begin XCConfigurationList section */
		F4E1E53F22AB4E9700794980 /* Build configuration list for PBXProject "FlowClu" */ = {
			isa = XCConfigurationList;
			buildConfigurations = (
				F4E1E55422AB4E9800794980 /* Debug */,
				F4E1E55522AB4E9800794980 /* Release */,
			);
			defaultConfigurationIsVisible = 0;
			defaultConfigurationName = Release;
		};
		F4E1E55622AB4E9800794980 /* Build configuration list for PBXNativeTarget "FlowClu" */ = {
			isa = XCConfigurationList;
			buildConfigurations = (
				F4E1E55722AB4E9800794980 /* Debug */,
				F4E1E55822AB4E9800794980 /* Release */,
			);
			defaultConfigurationIsVisible = 0;
			defaultConfigurationName = Release;
		};
/* End XCConfigurationList section */
	};
	rootObject = F4E1E53C22AB4E9700794980 /* Project object */;
}
